
Microsoft Visual Studio Solution File, Format Version 12.00
# Visual Studio Version 17
VisualStudioVersion = 17.5.2.0
MinimumVisualStudioVersion = 10.0.40219.1
Project("{FAE04EC0-301F-11D3-BF4B-00C04F79EFBC}") = "MLFromScratch", "MLFromScratch.csproj", "{F673B479-D96A-9725-A557-6D92F9E22D8D}"
EndProject
Project("{FAE04EC0-301F-11D3-BF4B-00C04F79EFBC}") = "JsonCore", "..\JsonCore\JsonCore.csproj", "{EF1B622A-89A6-4FDE-9122-69CD17F9CBD6}"
EndProject
Global
	GlobalSection(SolutionConfigurationPlatforms) = preSolution
		Debug|Any CPU = Debug|Any CPU
		Debug|x64 = Debug|x64
		Debug|x86 = Debug|x86
		Release|Any CPU = Release|Any CPU
		Release|x64 = Release|x64
		Release|x86 = Release|x86
	EndGlobalSection
	GlobalSection(ProjectConfigurationPlatforms) = postSolution
		{F673B479-D96A-9725-A557-6D92F9E22D8D}.Debug|Any CPU.ActiveCfg = Debug|Any CPU
		{F673B479-D96A-9725-A557-6D92F9E22D8D}.Debug|Any CPU.Build.0 = Debug|Any CPU
		{F673B479-D96A-9725-A557-6D92F9E22D8D}.Debug|x64.ActiveCfg = Debug|Any CPU
		{F673B479-D96A-9725-A557-6D92F9E22D8D}.Debug|x64.Build.0 = Debug|Any CPU
		{F673B479-D96A-9725-A557-6D92F9E22D8D}.Debug|x86.ActiveCfg = Debug|Any CPU
		{F673B479-D96A-9725-A557-6D92F9E22D8D}.Debug|x86.Build.0 = Debug|Any CPU
		{F673B479-D96A-9725-A557-6D92F9E22D8D}.Release|Any CPU.ActiveCfg = Release|Any CPU
		{F673B479-D96A-9725-A557-6D92F9E22D8D}.Release|Any CPU.Build.0 = Release|Any CPU
		{F673B479-D96A-9725-A557-6D92F9E22D8D}.Release|x64.ActiveCfg = Release|Any CPU
		{F673B479-D96A-9725-A557-6D92F9E22D8D}.Release|x64.Build.0 = Release|Any CPU
		{F673B479-D96A-9725-A557-6D92F9E22D8D}.Release|x86.ActiveCfg = Release|Any CPU
		{F673B479-D96A-9725-A557-6D92F9E22D8D}.Release|x86.Build.0 = Release|Any CPU
		{EF1B622A-89A6-4FDE-9122-69CD17F9CBD6}.Debug|Any CPU.ActiveCfg = Debug|Any CPU
		{EF1B622A-89A6-4FDE-9122-69CD17F9CBD6}.Debug|Any CPU.Build.0 = Debug|Any CPU
		{EF1B622A-89A6-4FDE-9122-69CD17F9CBD6}.Debug|x64.ActiveCfg = Debug|Any CPU
		{EF1B622A-89A6-4FDE-9122-69CD17F9CBD6}.Debug|x64.Build.0 = Debug|Any CPU
		{EF1B622A-89A6-4FDE-9122-69CD17F9CBD6}.Debug|x86.ActiveCfg = Debug|Any CPU
		{EF1B622A-89A6-4FDE-9122-69CD17F9CBD6}.Debug|x86.Build.0 = Debug|Any CPU
		{EF1B622A-89A6-4FDE-9122-69CD17F9CBD6}.Release|Any CPU.ActiveCfg = Release|Any CPU
		{EF1B622A-89A6-4FDE-9122-69CD17F9CBD6}.Release|Any CPU.Build.0 = Release|Any CPU
		{EF1B622A-89A6-4FDE-9122-69CD17F9CBD6}.Release|x64.ActiveCfg = Release|Any CPU
		{EF1B622A-89A6-4FDE-9122-69CD17F9CBD6}.Release|x64.Build.0 = Release|Any CPU
		{EF1B622A-89A6-4FDE-9122-69CD17F9CBD6}.Release|x86.ActiveCfg = Release|Any CPU
		{EF1B622A-89A6-4FDE-9122-69CD17F9CBD6}.Release|x86.Build.0 = Release|Any CPU
	EndGlobalSection
	GlobalSection(SolutionProperties) = preSolution
		HideSolutionNode = FALSE
	EndGlobalSection
	GlobalSection(ExtensibilityGlobals) = postSolution
		SolutionGuid = {A12B7ACA-02A6-4FCD-AC6D-EF40F05091D0}
	EndGlobalSection
EndGlobal
